
Microsoft Visual Studio Solution File, Format Version 12.00
# Visual Studio 14
VisualStudioVersion = 14.0.24720.0
MinimumVisualStudioVersion = 10.0.40219.1
Project("{FAE04EC0-301F-11D3-BF4B-00C04F79EFBC}") = "CGit", "CGit\CGit.csproj", "{EE507247-7E6E-45A2-B1C0-B4EDBAE2D19D}"
EndProject
Project("{FAE04EC0-301F-11D3-BF4B-00C04F79EFBC}") = "CGitTests1", "CGitTests1\CGitTests1.csproj", "{3554F59C-F0B5-42A8-A36D-BFE14215FD5E}"
EndProject
Global
	GlobalSection(SolutionConfigurationPlatforms) = preSolution
		Debug|Any CPU = Debug|Any CPU
		Release|Any CPU = Release|Any CPU
	EndGlobalSection
	GlobalSection(ProjectConfigurationPlatforms) = postSolution
		{EE507247-7E6E-45A2-B1C0-B4EDBAE2D19D}.Debug|Any CPU.ActiveCfg = Debug|Any CPU
		{EE507247-7E6E-45A2-B1C0-B4EDBAE2D19D}.Debug|Any CPU.Build.0 = Debug|Any CPU
		{EE507247-7E6E-45A2-B1C0-B4EDBAE2D19D}.Release|Any CPU.ActiveCfg = Release|Any CPU
		{EE507247-7E6E-45A2-B1C0-B4EDBAE2D19D}.Release|Any CPU.Build.0 = Release|Any CPU
		{3554F59C-F0B5-42A8-A36D-BFE14215FD5E}.Debug|Any CPU.ActiveCfg = Debug|Any CPU
		{3554F59C-F0B5-42A8-A36D-BFE14215FD5E}.Debug|Any CPU.Build.0 = Debug|Any CPU
		{3554F59C-F0B5-42A8-A36D-BFE14215FD5E}.Release|Any CPU.ActiveCfg = Release|Any CPU
		{3554F59C-F0B5-42A8-A36D-BFE14215FD5E}.Release|Any CPU.Build.0 = Release|Any CPU
	EndGlobalSection
	GlobalSection(SolutionProperties) = preSolution
		HideSolutionNode = FALSE
	EndGlobalSection
EndGlobal
